// !$*UTF8*$!
{
	archiveVersion = 1;
	classes = {
	};
	objectVersion = 56;
	objects = {

/* Begin PBXBuildFile section */
		B41DE14629D0721E00D38FC8 /* main.swift in Sources */ = {isa = PBXBuildFile; fileRef = B41DE14529D0721E00D38FC8 /* main.swift */; };
		B459DF8D29D41F8200104A5B /* PressKeypad.swift in Sources */ = {isa = PBXBuildFile; fileRef = B459DF8C29D41F8200104A5B /* PressKeypad.swift */; };
/* End PBXBuildFile section */

/* Begin PBXCopyFilesBuildPhase section */
		B41DE14029D0721E00D38FC8 /* CopyFiles */ = {
			isa = PBXCopyFilesBuildPhase;
			buildActionMask = 2147483647;
			dstPath = /usr/share/man/man1/;
			dstSubfolderSpec = 0;
			files = (
			);
			runOnlyForDeploymentPostprocessing = 1;
		};
/* End PBXCopyFilesBuildPhase section */

/* Begin PBXFileReference section */
		B416C77829D32EE500BB406C /* DartGame.swift */ = {isa = PBXFileReference; lastKnownFileType = sourcecode.swift; path = DartGame.swift; sourceTree = "<group>"; };
		B41DE14229D0721E00D38FC8 /* ProgrammersSolutions */ = {isa = PBXFileReference; explicitFileType = "compiled.mach-o.executable"; includeInIndex = 0; path = ProgrammersSolutions; sourceTree = BUILT_PRODUCTS_DIR; };
		B41DE14529D0721E00D38FC8 /* main.swift */ = {isa = PBXFileReference; lastKnownFileType = sourcecode.swift; path = main.swift; sourceTree = "<group>"; };
		B41DE14C29D072DC00D38FC8 /* RemoveTheSmallestNumber.swift */ = {isa = PBXFileReference; lastKnownFileType = sourcecode.swift; path = RemoveTheSmallestNumber.swift; sourceTree = "<group>"; };
		B41DE14F29D07A2200D38FC8 /* GCDAndLCM.swift */ = {isa = PBXFileReference; lastKnownFileType = sourcecode.swift; path = GCDAndLCM.swift; sourceTree = "<group>"; };
		B437726A29D17DDF00ED55F5 /* AdditionalOfMatrix.swift */ = {isa = PBXFileReference; lastKnownFileType = sourcecode.swift; path = AdditionalOfMatrix.swift; sourceTree = "<group>"; };
		B437726C29D17EEC00ED55F5 /* XspaceNnumber.swift */ = {isa = PBXFileReference; lastKnownFileType = sourcecode.swift; path = XspaceNnumber.swift; sourceTree = "<group>"; };
		B437726E29D18DA300ED55F5 /* Budget.swift */ = {isa = PBXFileReference; lastKnownFileType = sourcecode.swift; path = Budget.swift; sourceTree = "<group>"; };
		B459DF8829D3FB1600104A5B /* FailureRate.swift */ = {isa = PBXFileReference; lastKnownFileType = sourcecode.swift; path = FailureRate.swift; sourceTree = "<group>"; };
		B459DF8A29D41A4500104A5B /* CraneGame.swift */ = {isa = PBXFileReference; lastKnownFileType = sourcecode.swift; path = CraneGame.swift; sourceTree = "<group>"; };
		B459DF8C29D41F8200104A5B /* PressKeypad.swift */ = {isa = PBXFileReference; lastKnownFileType = sourcecode.swift; path = PressKeypad.swift; sourceTree = "<group>"; };
/* End PBXFileReference section */

/* Begin PBXFrameworksBuildPhase section */
		B41DE13F29D0721E00D38FC8 /* Frameworks */ = {
			isa = PBXFrameworksBuildPhase;
			buildActionMask = 2147483647;
			files = (
			);
			runOnlyForDeploymentPostprocessing = 0;
		};
/* End PBXFrameworksBuildPhase section */

/* Begin PBXGroup section */
		B41DE13929D0721E00D38FC8 = {
			isa = PBXGroup;
			children = (
				B41DE14429D0721E00D38FC8 /* ProgrammersSolutions */,
				B41DE14329D0721E00D38FC8 /* Products */,
			);
			sourceTree = "<group>";
		};
		B41DE14329D0721E00D38FC8 /* Products */ = {
			isa = PBXGroup;
			children = (
				B41DE14229D0721E00D38FC8 /* ProgrammersSolutions */,
			);
			name = Products;
			sourceTree = "<group>";
		};
		B41DE14429D0721E00D38FC8 /* ProgrammersSolutions */ = {
			isa = PBXGroup;
			children = (
				B41DE15129D07A3000D38FC8 /* Level-1 */,
				B41DE14529D0721E00D38FC8 /* main.swift */,
			);
			path = ProgrammersSolutions;
			sourceTree = "<group>";
		};
		B41DE15129D07A3000D38FC8 /* Level-1 */ = {
			isa = PBXGroup;
			children = (
				B41DE14C29D072DC00D38FC8 /* RemoveTheSmallestNumber.swift */,
				B41DE14F29D07A2200D38FC8 /* GCDAndLCM.swift */,
				B437726A29D17DDF00ED55F5 /* AdditionalOfMatrix.swift */,
				B437726C29D17EEC00ED55F5 /* XspaceNnumber.swift */,
				B437726E29D18DA300ED55F5 /* Budget.swift */,
				B416C77829D32EE500BB406C /* DartGame.swift */,
				B459DF8829D3FB1600104A5B /* FailureRate.swift */,
				B459DF8A29D41A4500104A5B /* CraneGame.swift */,
				B459DF8C29D41F8200104A5B /* PressKeypad.swift */,
			);
			path = "Level-1";
			sourceTree = "<group>";
		};
/* End PBXGroup section */

/* Begin PBXNativeTarget section */
		B41DE14129D0721E00D38FC8 /* ProgrammersSolutions */ = {
			isa = PBXNativeTarget;
			buildConfigurationList = B41DE14929D0721E00D38FC8 /* Build configuration list for PBXNativeTarget "ProgrammersSolutions" */;
			buildPhases = (
				B41DE13E29D0721E00D38FC8 /* Sources */,
				B41DE13F29D0721E00D38FC8 /* Frameworks */,
				B41DE14029D0721E00D38FC8 /* CopyFiles */,
			);
			buildRules = (
			);
			dependencies = (
			);
			name = ProgrammersSolutions;
			productName = ProgrammersSolutions;
			productReference = B41DE14229D0721E00D38FC8 /* ProgrammersSolutions */;
			productType = "com.apple.product-type.tool";
		};
/* End PBXNativeTarget section */

/* Begin PBXProject section */
		B41DE13A29D0721E00D38FC8 /* Project object */ = {
			isa = PBXProject;
			attributes = {
				BuildIndependentTargetsInParallel = 1;
				LastSwiftUpdateCheck = 1420;
				LastUpgradeCheck = 1420;
				TargetAttributes = {
					B41DE14129D0721E00D38FC8 = {
						CreatedOnToolsVersion = 14.2;
					};
				};
			};
			buildConfigurationList = B41DE13D29D0721E00D38FC8 /* Build configuration list for PBXProject "ProgrammersSolutions" */;
			compatibilityVersion = "Xcode 14.0";
			developmentRegion = en;
			hasScannedForEncodings = 0;
			knownRegions = (
				en,
				Base,
			);
			mainGroup = B41DE13929D0721E00D38FC8;
			productRefGroup = B41DE14329D0721E00D38FC8 /* Products */;
			projectDirPath = "";
			projectRoot = "";
			targets = (
				B41DE14129D0721E00D38FC8 /* ProgrammersSolutions */,
			);
		};
/* End PBXProject section */

/* Begin PBXSourcesBuildPhase section */
		B41DE13E29D0721E00D38FC8 /* Sources */ = {
			isa = PBXSourcesBuildPhase;
			buildActionMask = 2147483647;
			files = (
				B41DE14629D0721E00D38FC8 /* main.swift in Sources */,
				B459DF8D29D41F8200104A5B /* PressKeypad.swift in Sources */,
			);
			runOnlyForDeploymentPostprocessing = 0;
		};
/* End PBXSourcesBuildPhase section */

/* Begin XCBuildConfiguration section */
		B41DE14729D0721E00D38FC8 /* Debug */ = {
			isa = XCBuildConfiguration;
			buildSettings = {
				ALWAYS_SEARCH_USER_PATHS = NO;
				CLANG_ANALYZER_NONNULL = YES;
				CLANG_ANALYZER_NUMBER_OBJECT_CONVERSION = YES_AGGRESSIVE;
				CLANG_CXX_LANGUAGE_STANDARD = "gnu++20";
				CLANG_ENABLE_MODULES = YES;
				CLANG_ENABLE_OBJC_ARC = YES;
				CLANG_ENABLE_OBJC_WEAK = YES;
				CLANG_WARN_BLOCK_CAPTURE_AUTORELEASING = YES;
				CLANG_WARN_BOOL_CONVERSION = YES;
				CLANG_WARN_COMMA = YES;
				CLANG_WARN_CONSTANT_CONVERSION = YES;
				CLANG_WARN_DEPRECATED_OBJC_IMPLEMENTATIONS = YES;
				CLANG_WARN_DIRECT_OBJC_ISA_USAGE = YES_ERROR;
				CLANG_WARN_DOCUMENTATION_COMMENTS = YES;
				CLANG_WARN_EMPTY_BODY = YES;
				CLANG_WARN_ENUM_CONVERSION = YES;
				CLANG_WARN_INFINITE_RECURSION = YES;
				CLANG_WARN_INT_CONVERSION = YES;
				CLANG_WARN_NON_LITERAL_NULL_CONVERSION = YES;
				CLANG_WARN_OBJC_IMPLICIT_RETAIN_SELF = YES;
				CLANG_WARN_OBJC_LITERAL_CONVERSION = YES;
				CLANG_WARN_OBJC_ROOT_CLASS = YES_ERROR;
				CLANG_WARN_QUOTED_INCLUDE_IN_FRAMEWORK_HEADER = YES;
				CLANG_WARN_RANGE_LOOP_ANALYSIS = YES;
				CLANG_WARN_STRICT_PROTOTYPES = YES;
				CLANG_WARN_SUSPICIOUS_MOVE = YES;
				CLANG_WARN_UNGUARDED_AVAILABILITY = YES_AGGRESSIVE;
				CLANG_WARN_UNREACHABLE_CODE = YES;
				CLANG_WARN__DUPLICATE_METHOD_MATCH = YES;
				COPY_PHASE_STRIP = NO;
				DEBUG_INFORMATION_FORMAT = dwarf;
				ENABLE_STRICT_OBJC_MSGSEND = YES;
				ENABLE_TESTABILITY = YES;
				GCC_C_LANGUAGE_STANDARD = gnu11;
				GCC_DYNAMIC_NO_PIC = NO;
				GCC_NO_COMMON_BLOCKS = YES;
				GCC_OPTIMIZATION_LEVEL = 0;
				GCC_PREPROCESSOR_DEFINITIONS = (
					"DEBUG=1",
					"$(inherited)",
				);
				GCC_WARN_64_TO_32_BIT_CONVERSION = YES;
				GCC_WARN_ABOUT_RETURN_TYPE = YES_ERROR;
				GCC_WARN_UNDECLARED_SELECTOR = YES;
				GCC_WARN_UNINITIALIZED_AUTOS = YES_AGGRESSIVE;
				GCC_WARN_UNUSED_FUNCTION = YES;
				GCC_WARN_UNUSED_VARIABLE = YES;
				MACOSX_DEPLOYMENT_TARGET = 13.1;
				MTL_ENABLE_DEBUG_INFO = INCLUDE_SOURCE;
				MTL_FAST_MATH = YES;
				ONLY_ACTIVE_ARCH = YES;
				SDKROOT = macosx;
				SWIFT_ACTIVE_COMPILATION_CONDITIONS = DEBUG;
				SWIFT_OPTIMIZATION_LEVEL = "-Onone";
			};
			name = Debug;
		};
		B41DE14829D0721E00D38FC8 /* Release */ = {
			isa = XCBuildConfiguration;
			buildSettings = {
				ALWAYS_SEARCH_USER_PATHS = NO;
				CLANG_ANALYZER_NONNULL = YES;
				CLANG_ANALYZER_NUMBER_OBJECT_CONVERSION = YES_AGGRESSIVE;
				CLANG_CXX_LANGUAGE_STANDARD = "gnu++20";
				CLANG_ENABLE_MODULES = YES;
				CLANG_ENABLE_OBJC_ARC = YES;
				CLANG_ENABLE_OBJC_WEAK = YES;
				CLANG_WARN_BLOCK_CAPTURE_AUTORELEASING = YES;
				CLANG_WARN_BOOL_CONVERSION = YES;
				CLANG_WARN_COMMA = YES;
				CLANG_WARN_CONSTANT_CONVERSION = YES;
				CLANG_WARN_DEPRECATED_OBJC_IMPLEMENTATIONS = YES;
				CLANG_WARN_DIRECT_OBJC_ISA_USAGE = YES_ERROR;
				CLANG_WARN_DOCUMENTATION_COMMENTS = YES;
				CLANG_WARN_EMPTY_BODY = YES;
				CLANG_WARN_ENUM_CONVERSION = YES;
				CLANG_WARN_INFINITE_RECURSION = YES;
				CLANG_WARN_INT_CONVERSION = YES;
				CLANG_WARN_NON_LITERAL_NULL_CONVERSION = YES;
				CLANG_WARN_OBJC_IMPLICIT_RETAIN_SELF = YES;
				CLANG_WARN_OBJC_LITERAL_CONVERSION = YES;
				CLANG_WARN_OBJC_ROOT_CLASS = YES_ERROR;
				CLANG_WARN_QUOTED_INCLUDE_IN_FRAMEWORK_HEADER = YES;
				CLANG_WARN_RANGE_LOOP_ANALYSIS = YES;
				CLANG_WARN_STRICT_PROTOTYPES = YES;
				CLANG_WARN_SUSPICIOUS_MOVE = YES;
				CLANG_WARN_UNGUARDED_AVAILABILITY = YES_AGGRESSIVE;
				CLANG_WARN_UNREACHABLE_CODE = YES;
				CLANG_WARN__DUPLICATE_METHOD_MATCH = YES;
				COPY_PHASE_STRIP = NO;
				DEBUG_INFORMATION_FORMAT = "dwarf-with-dsym";
				ENABLE_NS_ASSERTIONS = NO;
				ENABLE_STRICT_OBJC_MSGSEND = YES;
				GCC_C_LANGUAGE_STANDARD = gnu11;
				GCC_NO_COMMON_BLOCKS = YES;
				GCC_WARN_64_TO_32_BIT_CONVERSION = YES;
				GCC_WARN_ABOUT_RETURN_TYPE = YES_ERROR;
				GCC_WARN_UNDECLARED_SELECTOR = YES;
				GCC_WARN_UNINITIALIZED_AUTOS = YES_AGGRESSIVE;
				GCC_WARN_UNUSED_FUNCTION = YES;
				GCC_WARN_UNUSED_VARIABLE = YES;
				MACOSX_DEPLOYMENT_TARGET = 13.1;
				MTL_ENABLE_DEBUG_INFO = NO;
				MTL_FAST_MATH = YES;
				SDKROOT = macosx;
				SWIFT_COMPILATION_MODE = wholemodule;
				SWIFT_OPTIMIZATION_LEVEL = "-O";
			};
			name = Release;
		};
		B41DE14A29D0721E00D38FC8 /* Debug */ = {
			isa = XCBuildConfiguration;
			buildSettings = {
				CODE_SIGN_STYLE = Automatic;
				DEVELOPMENT_TEAM = SK9D9HK9A2;
				ENABLE_HARDENED_RUNTIME = YES;
				PRODUCT_NAME = "$(TARGET_NAME)";
				SWIFT_VERSION = 5.0;
			};
			name = Debug;
		};
		B41DE14B29D0721E00D38FC8 /* Release */ = {
			isa = XCBuildConfiguration;
			buildSettings = {
				CODE_SIGN_STYLE = Automatic;
				DEVELOPMENT_TEAM = SK9D9HK9A2;
				ENABLE_HARDENED_RUNTIME = YES;
				PRODUCT_NAME = "$(TARGET_NAME)";
				SWIFT_VERSION = 5.0;
			};
			name = Release;
		};
/* End XCBuildConfiguration section */

/* Begin XCConfigurationList section */
		B41DE13D29D0721E00D38FC8 /* Build configuration list for PBXProject "ProgrammersSolutions" */ = {
			isa = XCConfigurationList;
			buildConfigurations = (
				B41DE14729D0721E00D38FC8 /* Debug */,
				B41DE14829D0721E00D38FC8 /* Release */,
			);
			defaultConfigurationIsVisible = 0;
			defaultConfigurationName = Release;
		};
		B41DE14929D0721E00D38FC8 /* Build configuration list for PBXNativeTarget "ProgrammersSolutions" */ = {
			isa = XCConfigurationList;
			buildConfigurations = (
				B41DE14A29D0721E00D38FC8 /* Debug */,
				B41DE14B29D0721E00D38FC8 /* Release */,
			);
			defaultConfigurationIsVisible = 0;
			defaultConfigurationName = Release;
		};
/* End XCConfigurationList section */
	};
	rootObject = B41DE13A29D0721E00D38FC8 /* Project object */;
}
