// !$*UTF8*$!
{
	archiveVersion = 1;
	classes = {
	};
	objectVersion = 55;
	objects = {

/* Begin PBXBuildFile section */
		B4042528283D0AE00064A0A5 /* ChangeWord.swift in Sources */ = {isa = PBXBuildFile; fileRef = B4042527283D0AE00064A0A5 /* ChangeWord.swift */; };
		B4C4C66928389DB100F641A4 /* main.swift in Sources */ = {isa = PBXBuildFile; fileRef = B4C4C66828389DB100F641A4 /* main.swift */; };
		B4C4C67128389E0400F641A4 /* Joystick.swift in Sources */ = {isa = PBXBuildFile; fileRef = B4C4C67028389E0400F641A4 /* Joystick.swift */; };
		B4F3FEB1283B4BED0070116C /* MakeBigNumber.swift in Sources */ = {isa = PBXBuildFile; fileRef = B4F3FEB0283B4BED0070116C /* MakeBigNumber.swift */; };
		B4F3FEB7283BC2620070116C /* Connect islands.swift in Sources */ = {isa = PBXBuildFile; fileRef = B4F3FEB6283BC2620070116C /* Connect islands.swift */; };
/* End PBXBuildFile section */

/* Begin PBXCopyFilesBuildPhase section */
		B4C4C66328389DB100F641A4 /* CopyFiles */ = {
			isa = PBXCopyFilesBuildPhase;
			buildActionMask = 2147483647;
			dstPath = /usr/share/man/man1/;
			dstSubfolderSpec = 0;
			files = (
			);
			runOnlyForDeploymentPostprocessing = 1;
		};
/* End PBXCopyFilesBuildPhase section */

/* Begin PBXFileReference section */
		B4042527283D0AE00064A0A5 /* ChangeWord.swift */ = {isa = PBXFileReference; lastKnownFileType = sourcecode.swift; path = ChangeWord.swift; sourceTree = "<group>"; };
		B4C4C66528389DB100F641A4 /* ProgrammersSolutions */ = {isa = PBXFileReference; explicitFileType = "compiled.mach-o.executable"; includeInIndex = 0; path = ProgrammersSolutions; sourceTree = BUILT_PRODUCTS_DIR; };
		B4C4C66828389DB100F641A4 /* main.swift */ = {isa = PBXFileReference; lastKnownFileType = sourcecode.swift; path = main.swift; sourceTree = "<group>"; };
		B4C4C67028389E0400F641A4 /* Joystick.swift */ = {isa = PBXFileReference; lastKnownFileType = sourcecode.swift; path = Joystick.swift; sourceTree = "<group>"; };
		B4F3FEB0283B4BED0070116C /* MakeBigNumber.swift */ = {isa = PBXFileReference; lastKnownFileType = sourcecode.swift; path = MakeBigNumber.swift; sourceTree = "<group>"; };
		B4F3FEB6283BC2620070116C /* Connect islands.swift */ = {isa = PBXFileReference; lastKnownFileType = sourcecode.swift; path = "Connect islands.swift"; sourceTree = "<group>"; };
/* End PBXFileReference section */

/* Begin PBXFrameworksBuildPhase section */
		B4C4C66228389DB100F641A4 /* Frameworks */ = {
			isa = PBXFrameworksBuildPhase;
			buildActionMask = 2147483647;
			files = (
			);
			runOnlyForDeploymentPostprocessing = 0;
		};
/* End PBXFrameworksBuildPhase section */

/* Begin PBXGroup section */
		B4042525283D0ACF0064A0A5 /* 단어 변환 */ = {
			isa = PBXGroup;
			children = (
				B4042527283D0AE00064A0A5 /* ChangeWord.swift */,
			);
			name = "단어 변환";
			path = "단어 변환";
			sourceTree = "<group>";
		};
		B4C4C65C28389DB100F641A4 = {
			isa = PBXGroup;
			children = (
				B4C4C66728389DB100F641A4 /* ProgrammersSolutions */,
				B4C4C66628389DB100F641A4 /* Products */,
			);
			sourceTree = "<group>";
		};
		B4C4C66628389DB100F641A4 /* Products */ = {
			isa = PBXGroup;
			children = (
				B4C4C66528389DB100F641A4 /* ProgrammersSolutions */,
			);
			name = Products;
			sourceTree = "<group>";
		};
		B4C4C66728389DB100F641A4 /* ProgrammersSolutions */ = {
			isa = PBXGroup;
			children = (
				B4042525283D0ACF0064A0A5 /* 단어 변환 */,
				B4F3FEB5283BC24E0070116C /* 섬 연결하기 */,
				B4F3FEAF283B4BC50070116C /* 큰 수 만들기 */,
				B4C4C66F28389DC300F641A4 /* 조이스틱 */,
				B4C4C66828389DB100F641A4 /* main.swift */,
			);
			path = ProgrammersSolutions;
			sourceTree = "<group>";
		};
		B4C4C66F28389DC300F641A4 /* 조이스틱 */ = {
			isa = PBXGroup;
			children = (
				B4C4C67028389E0400F641A4 /* Joystick.swift */,
			);
			name = "조이스틱";
			path = "조이슽";
			sourceTree = "<group>";
		};
		B4F3FEAF283B4BC50070116C /* 큰 수 만들기 */ = {
			isa = PBXGroup;
			children = (
				B4F3FEB0283B4BED0070116C /* MakeBigNumber.swift */,
			);
			name = "큰 수 만들기";
			path = "큰 수 만들기";
			sourceTree = "<group>";
		};
		B4F3FEB5283BC24E0070116C /* 섬 연결하기 */ = {
			isa = PBXGroup;
			children = (
				B4F3FEB6283BC2620070116C /* Connect islands.swift */,
			);
			name = "섬 연결하기";
			path = "섬 연결하기";
			sourceTree = "<group>";
		};
/* End PBXGroup section */

/* Begin PBXNativeTarget section */
		B4C4C66428389DB100F641A4 /* ProgrammersSolutions */ = {
			isa = PBXNativeTarget;
			buildConfigurationList = B4C4C66C28389DB100F641A4 /* Build configuration list for PBXNativeTarget "ProgrammersSolutions" */;
			buildPhases = (
				B4C4C66128389DB100F641A4 /* Sources */,
				B4C4C66228389DB100F641A4 /* Frameworks */,
				B4C4C66328389DB100F641A4 /* CopyFiles */,
			);
			buildRules = (
			);
			dependencies = (
			);
			name = ProgrammersSolutions;
			productName = ProgrammersSolutions;
			productReference = B4C4C66528389DB100F641A4 /* ProgrammersSolutions */;
			productType = "com.apple.product-type.tool";
		};
/* End PBXNativeTarget section */

/* Begin PBXProject section */
		B4C4C65D28389DB100F641A4 /* Project object */ = {
			isa = PBXProject;
			attributes = {
				BuildIndependentTargetsInParallel = 1;
				LastSwiftUpdateCheck = 1340;
				LastUpgradeCheck = 1340;
				TargetAttributes = {
					B4C4C66428389DB100F641A4 = {
						CreatedOnToolsVersion = 13.4;
					};
				};
			};
			buildConfigurationList = B4C4C66028389DB100F641A4 /* Build configuration list for PBXProject "ProgrammersSolutions" */;
			compatibilityVersion = "Xcode 13.0";
			developmentRegion = en;
			hasScannedForEncodings = 0;
			knownRegions = (
				en,
				Base,
			);
			mainGroup = B4C4C65C28389DB100F641A4;
			productRefGroup = B4C4C66628389DB100F641A4 /* Products */;
			projectDirPath = "";
			projectRoot = "";
			targets = (
				B4C4C66428389DB100F641A4 /* ProgrammersSolutions */,
			);
		};
/* End PBXProject section */

/* Begin PBXSourcesBuildPhase section */
		B4C4C66128389DB100F641A4 /* Sources */ = {
			isa = PBXSourcesBuildPhase;
			buildActionMask = 2147483647;
			files = (
				B4C4C66928389DB100F641A4 /* main.swift in Sources */,
				B4F3FEB1283B4BED0070116C /* MakeBigNumber.swift in Sources */,
				B4F3FEB7283BC2620070116C /* Connect islands.swift in Sources */,
				B4C4C67128389E0400F641A4 /* Joystick.swift in Sources */,
				B4042528283D0AE00064A0A5 /* ChangeWord.swift in Sources */,
			);
			runOnlyForDeploymentPostprocessing = 0;
		};
/* End PBXSourcesBuildPhase section */

/* Begin XCBuildConfiguration section */
		B4C4C66A28389DB100F641A4 /* Debug */ = {
			isa = XCBuildConfiguration;
			buildSettings = {
				ALWAYS_SEARCH_USER_PATHS = NO;
				CLANG_ANALYZER_NONNULL = YES;
				CLANG_ANALYZER_NUMBER_OBJECT_CONVERSION = YES_AGGRESSIVE;
				CLANG_CXX_LANGUAGE_STANDARD = "gnu++17";
				CLANG_ENABLE_MODULES = YES;
				CLANG_ENABLE_OBJC_ARC = YES;
				CLANG_ENABLE_OBJC_WEAK = YES;
				CLANG_WARN_BLOCK_CAPTURE_AUTORELEASING = YES;
				CLANG_WARN_BOOL_CONVERSION = YES;
				CLANG_WARN_COMMA = YES;
				CLANG_WARN_CONSTANT_CONVERSION = YES;
				CLANG_WARN_DEPRECATED_OBJC_IMPLEMENTATIONS = YES;
				CLANG_WARN_DIRECT_OBJC_ISA_USAGE = YES_ERROR;
				CLANG_WARN_DOCUMENTATION_COMMENTS = YES;
				CLANG_WARN_EMPTY_BODY = YES;
				CLANG_WARN_ENUM_CONVERSION = YES;
				CLANG_WARN_INFINITE_RECURSION = YES;
				CLANG_WARN_INT_CONVERSION = YES;
				CLANG_WARN_NON_LITERAL_NULL_CONVERSION = YES;
				CLANG_WARN_OBJC_IMPLICIT_RETAIN_SELF = YES;
				CLANG_WARN_OBJC_LITERAL_CONVERSION = YES;
				CLANG_WARN_OBJC_ROOT_CLASS = YES_ERROR;
				CLANG_WARN_QUOTED_INCLUDE_IN_FRAMEWORK_HEADER = YES;
				CLANG_WARN_RANGE_LOOP_ANALYSIS = YES;
				CLANG_WARN_STRICT_PROTOTYPES = YES;
				CLANG_WARN_SUSPICIOUS_MOVE = YES;
				CLANG_WARN_UNGUARDED_AVAILABILITY = YES_AGGRESSIVE;
				CLANG_WARN_UNREACHABLE_CODE = YES;
				CLANG_WARN__DUPLICATE_METHOD_MATCH = YES;
				COPY_PHASE_STRIP = NO;
				DEBUG_INFORMATION_FORMAT = dwarf;
				ENABLE_STRICT_OBJC_MSGSEND = YES;
				ENABLE_TESTABILITY = YES;
				GCC_C_LANGUAGE_STANDARD = gnu11;
				GCC_DYNAMIC_NO_PIC = NO;
				GCC_NO_COMMON_BLOCKS = YES;
				GCC_OPTIMIZATION_LEVEL = 0;
				GCC_PREPROCESSOR_DEFINITIONS = (
					"DEBUG=1",
					"$(inherited)",
				);
				GCC_WARN_64_TO_32_BIT_CONVERSION = YES;
				GCC_WARN_ABOUT_RETURN_TYPE = YES_ERROR;
				GCC_WARN_UNDECLARED_SELECTOR = YES;
				GCC_WARN_UNINITIALIZED_AUTOS = YES_AGGRESSIVE;
				GCC_WARN_UNUSED_FUNCTION = YES;
				GCC_WARN_UNUSED_VARIABLE = YES;
				MACOSX_DEPLOYMENT_TARGET = 12.3;
				MTL_ENABLE_DEBUG_INFO = INCLUDE_SOURCE;
				MTL_FAST_MATH = YES;
				ONLY_ACTIVE_ARCH = YES;
				SDKROOT = macosx;
				SWIFT_ACTIVE_COMPILATION_CONDITIONS = DEBUG;
				SWIFT_OPTIMIZATION_LEVEL = "-Onone";
			};
			name = Debug;
		};
		B4C4C66B28389DB100F641A4 /* Release */ = {
			isa = XCBuildConfiguration;
			buildSettings = {
				ALWAYS_SEARCH_USER_PATHS = NO;
				CLANG_ANALYZER_NONNULL = YES;
				CLANG_ANALYZER_NUMBER_OBJECT_CONVERSION = YES_AGGRESSIVE;
				CLANG_CXX_LANGUAGE_STANDARD = "gnu++17";
				CLANG_ENABLE_MODULES = YES;
				CLANG_ENABLE_OBJC_ARC = YES;
				CLANG_ENABLE_OBJC_WEAK = YES;
				CLANG_WARN_BLOCK_CAPTURE_AUTORELEASING = YES;
				CLANG_WARN_BOOL_CONVERSION = YES;
				CLANG_WARN_COMMA = YES;
				CLANG_WARN_CONSTANT_CONVERSION = YES;
				CLANG_WARN_DEPRECATED_OBJC_IMPLEMENTATIONS = YES;
				CLANG_WARN_DIRECT_OBJC_ISA_USAGE = YES_ERROR;
				CLANG_WARN_DOCUMENTATION_COMMENTS = YES;
				CLANG_WARN_EMPTY_BODY = YES;
				CLANG_WARN_ENUM_CONVERSION = YES;
				CLANG_WARN_INFINITE_RECURSION = YES;
				CLANG_WARN_INT_CONVERSION = YES;
				CLANG_WARN_NON_LITERAL_NULL_CONVERSION = YES;
				CLANG_WARN_OBJC_IMPLICIT_RETAIN_SELF = YES;
				CLANG_WARN_OBJC_LITERAL_CONVERSION = YES;
				CLANG_WARN_OBJC_ROOT_CLASS = YES_ERROR;
				CLANG_WARN_QUOTED_INCLUDE_IN_FRAMEWORK_HEADER = YES;
				CLANG_WARN_RANGE_LOOP_ANALYSIS = YES;
				CLANG_WARN_STRICT_PROTOTYPES = YES;
				CLANG_WARN_SUSPICIOUS_MOVE = YES;
				CLANG_WARN_UNGUARDED_AVAILABILITY = YES_AGGRESSIVE;
				CLANG_WARN_UNREACHABLE_CODE = YES;
				CLANG_WARN__DUPLICATE_METHOD_MATCH = YES;
				COPY_PHASE_STRIP = NO;
				DEBUG_INFORMATION_FORMAT = "dwarf-with-dsym";
				ENABLE_NS_ASSERTIONS = NO;
				ENABLE_STRICT_OBJC_MSGSEND = YES;
				GCC_C_LANGUAGE_STANDARD = gnu11;
				GCC_NO_COMMON_BLOCKS = YES;
				GCC_WARN_64_TO_32_BIT_CONVERSION = YES;
				GCC_WARN_ABOUT_RETURN_TYPE = YES_ERROR;
				GCC_WARN_UNDECLARED_SELECTOR = YES;
				GCC_WARN_UNINITIALIZED_AUTOS = YES_AGGRESSIVE;
				GCC_WARN_UNUSED_FUNCTION = YES;
				GCC_WARN_UNUSED_VARIABLE = YES;
				MACOSX_DEPLOYMENT_TARGET = 12.3;
				MTL_ENABLE_DEBUG_INFO = NO;
				MTL_FAST_MATH = YES;
				SDKROOT = macosx;
				SWIFT_COMPILATION_MODE = wholemodule;
				SWIFT_OPTIMIZATION_LEVEL = "-O";
			};
			name = Release;
		};
		B4C4C66D28389DB100F641A4 /* Debug */ = {
			isa = XCBuildConfiguration;
			buildSettings = {
				CODE_SIGN_STYLE = Automatic;
				DEVELOPMENT_TEAM = SK9D9HK9A2;
				ENABLE_HARDENED_RUNTIME = YES;
				PRODUCT_NAME = "$(TARGET_NAME)";
				SWIFT_VERSION = 5.0;
			};
			name = Debug;
		};
		B4C4C66E28389DB100F641A4 /* Release */ = {
			isa = XCBuildConfiguration;
			buildSettings = {
				CODE_SIGN_STYLE = Automatic;
				DEVELOPMENT_TEAM = SK9D9HK9A2;
				ENABLE_HARDENED_RUNTIME = YES;
				PRODUCT_NAME = "$(TARGET_NAME)";
				SWIFT_VERSION = 5.0;
			};
			name = Release;
		};
/* End XCBuildConfiguration section */

/* Begin XCConfigurationList section */
		B4C4C66028389DB100F641A4 /* Build configuration list for PBXProject "ProgrammersSolutions" */ = {
			isa = XCConfigurationList;
			buildConfigurations = (
				B4C4C66A28389DB100F641A4 /* Debug */,
				B4C4C66B28389DB100F641A4 /* Release */,
			);
			defaultConfigurationIsVisible = 0;
			defaultConfigurationName = Release;
		};
		B4C4C66C28389DB100F641A4 /* Build configuration list for PBXNativeTarget "ProgrammersSolutions" */ = {
			isa = XCConfigurationList;
			buildConfigurations = (
				B4C4C66D28389DB100F641A4 /* Debug */,
				B4C4C66E28389DB100F641A4 /* Release */,
			);
			defaultConfigurationIsVisible = 0;
			defaultConfigurationName = Release;
		};
/* End XCConfigurationList section */
	};
	rootObject = B4C4C65D28389DB100F641A4 /* Project object */;
}
