// !$*UTF8*$!
{
	archiveVersion = 1;
	classes = {
	};
	objectVersion = 55;
	objects = {

/* Begin PBXBuildFile section */
		B429197427E1B7D900237664 /* 11729.swift in Sources */ = {isa = PBXBuildFile; fileRef = B429197327E1B7D900237664 /* 11729.swift */; };
		B43B7E4227E8CFD600263F1E /* 2217.swift in Sources */ = {isa = PBXBuildFile; fileRef = B43B7E4127E8CFD600263F1E /* 2217.swift */; };
		B44FE89327DF91E30052A57D /* 1541.swift in Sources */ = {isa = PBXBuildFile; fileRef = B44FE89227DF91E30052A57D /* 1541.swift */; };
		B462AB9527F837FD00665EDA /* 16953.swift in Sources */ = {isa = PBXBuildFile; fileRef = B462AB9427F837FD00665EDA /* 16953.swift */; };
		B462AB9827F8828900665EDA /* 1715.swift in Sources */ = {isa = PBXBuildFile; fileRef = B462AB9727F8828900665EDA /* 1715.swift */; };
		B462AB9B27F8AE1500665EDA /* Heap.swift in Sources */ = {isa = PBXBuildFile; fileRef = B462AB9A27F8AE1500665EDA /* Heap.swift */; };
		B462AB9D27F9615400665EDA /* PriorityQueue.swift in Sources */ = {isa = PBXBuildFile; fileRef = B462AB9C27F9615400665EDA /* PriorityQueue.swift */; };
		B467310A27F758F800686761 /* 13305.swift in Sources */ = {isa = PBXBuildFile; fileRef = B467310927F758F800686761 /* 13305.swift */; };
		B46F552827F4AEC800FF73C5 /* 1439.swift in Sources */ = {isa = PBXBuildFile; fileRef = B46F552727F4AEC800FF73C5 /* 1439.swift */; };
		B477F51D27DF0C63005DE82B /* main.swift in Sources */ = {isa = PBXBuildFile; fileRef = B477F51C27DF0C63005DE82B /* main.swift */; };
		B477F52527DF0C71005DE82B /* 11047.swift in Sources */ = {isa = PBXBuildFile; fileRef = B477F52427DF0C71005DE82B /* 11047.swift */; };
		B477F52827DF188F005DE82B /* 1931.swift in Sources */ = {isa = PBXBuildFile; fileRef = B477F52727DF188F005DE82B /* 1931.swift */; };
		B490FCAC27FEA08C00294FC5 /* 1339.swift in Sources */ = {isa = PBXBuildFile; fileRef = B490FCAB27FEA08C00294FC5 /* 1339.swift */; };
		B499F04927E22EBD00D4D161 /* 1991.swift in Sources */ = {isa = PBXBuildFile; fileRef = B499F04827E22EBD00D4D161 /* 1991.swift */; };
		B499F04C27E377D500D4D161 /* 1946.swift in Sources */ = {isa = PBXBuildFile; fileRef = B499F04B27E377D500D4D161 /* 1946.swift */; };
/* End PBXBuildFile section */

/* Begin PBXCopyFilesBuildPhase section */
		B477F51727DF0C63005DE82B /* CopyFiles */ = {
			isa = PBXCopyFilesBuildPhase;
			buildActionMask = 2147483647;
			dstPath = /usr/share/man/man1/;
			dstSubfolderSpec = 0;
			files = (
			);
			runOnlyForDeploymentPostprocessing = 1;
		};
/* End PBXCopyFilesBuildPhase section */

/* Begin PBXFileReference section */
		B429197327E1B7D900237664 /* 11729.swift */ = {isa = PBXFileReference; lastKnownFileType = sourcecode.swift; path = 11729.swift; sourceTree = "<group>"; };
		B43B7E4127E8CFD600263F1E /* 2217.swift */ = {isa = PBXFileReference; lastKnownFileType = sourcecode.swift; path = 2217.swift; sourceTree = "<group>"; };
		B44FE89227DF91E30052A57D /* 1541.swift */ = {isa = PBXFileReference; lastKnownFileType = sourcecode.swift; path = 1541.swift; sourceTree = "<group>"; };
		B462AB9427F837FD00665EDA /* 16953.swift */ = {isa = PBXFileReference; lastKnownFileType = sourcecode.swift; path = 16953.swift; sourceTree = "<group>"; };
		B462AB9727F8828900665EDA /* 1715.swift */ = {isa = PBXFileReference; lastKnownFileType = sourcecode.swift; path = 1715.swift; sourceTree = "<group>"; };
		B462AB9A27F8AE1500665EDA /* Heap.swift */ = {isa = PBXFileReference; lastKnownFileType = sourcecode.swift; path = Heap.swift; sourceTree = "<group>"; };
		B462AB9C27F9615400665EDA /* PriorityQueue.swift */ = {isa = PBXFileReference; lastKnownFileType = sourcecode.swift; path = PriorityQueue.swift; sourceTree = "<group>"; };
		B467310927F758F800686761 /* 13305.swift */ = {isa = PBXFileReference; lastKnownFileType = sourcecode.swift; path = 13305.swift; sourceTree = "<group>"; };
		B46F552727F4AEC800FF73C5 /* 1439.swift */ = {isa = PBXFileReference; lastKnownFileType = sourcecode.swift; path = 1439.swift; sourceTree = "<group>"; };
		B477F51927DF0C63005DE82B /* BOJSolutions */ = {isa = PBXFileReference; explicitFileType = "compiled.mach-o.executable"; includeInIndex = 0; path = BOJSolutions; sourceTree = BUILT_PRODUCTS_DIR; };
		B477F51C27DF0C63005DE82B /* main.swift */ = {isa = PBXFileReference; lastKnownFileType = sourcecode.swift; path = main.swift; sourceTree = "<group>"; };
		B477F52427DF0C71005DE82B /* 11047.swift */ = {isa = PBXFileReference; lastKnownFileType = sourcecode.swift; path = 11047.swift; sourceTree = "<group>"; };
		B477F52727DF188F005DE82B /* 1931.swift */ = {isa = PBXFileReference; lastKnownFileType = sourcecode.swift; path = 1931.swift; sourceTree = "<group>"; };
		B490FCAB27FEA08C00294FC5 /* 1339.swift */ = {isa = PBXFileReference; lastKnownFileType = sourcecode.swift; path = 1339.swift; sourceTree = "<group>"; };
		B499F04827E22EBD00D4D161 /* 1991.swift */ = {isa = PBXFileReference; lastKnownFileType = sourcecode.swift; path = 1991.swift; sourceTree = "<group>"; };
		B499F04B27E377D500D4D161 /* 1946.swift */ = {isa = PBXFileReference; lastKnownFileType = sourcecode.swift; path = 1946.swift; sourceTree = "<group>"; };
/* End PBXFileReference section */

/* Begin PBXFrameworksBuildPhase section */
		B477F51627DF0C63005DE82B /* Frameworks */ = {
			isa = PBXFrameworksBuildPhase;
			buildActionMask = 2147483647;
			files = (
			);
			runOnlyForDeploymentPostprocessing = 0;
		};
/* End PBXFrameworksBuildPhase section */

/* Begin PBXGroup section */
		B429197227E1B7CD00237664 /* 11729_하노이 탑 이동 순서 */ = {
			isa = PBXGroup;
			children = (
				B429197327E1B7D900237664 /* 11729.swift */,
			);
			name = "11729_하노이 탑 이동 순서";
			path = "11729_하노이 탑 이동 순서 ";
			sourceTree = "<group>";
		};
		B43B7E4027E8CFCC00263F1E /* 2217_로프 */ = {
			isa = PBXGroup;
			children = (
				B43B7E4127E8CFD600263F1E /* 2217.swift */,
			);
			name = "2217_로프";
			path = "2217_로프";
			sourceTree = "<group>";
		};
		B44FE89127DF91D20052A57D /* 1541_잃어버린 괄호 */ = {
			isa = PBXGroup;
			children = (
				B44FE89227DF91E30052A57D /* 1541.swift */,
			);
			name = "1541_잃어버린 괄호";
			path = "1541_잃어버린 괄호";
			sourceTree = "<group>";
		};
		B462AB9327F837F300665EDA /* 16953_A->B */ = {
			isa = PBXGroup;
			children = (
				B462AB9427F837FD00665EDA /* 16953.swift */,
			);
			path = "16953_A->B";
			sourceTree = "<group>";
		};
		B462AB9627F8827F00665EDA /* 1715_카드 정렬하기 */ = {
			isa = PBXGroup;
			children = (
				B462AB9727F8828900665EDA /* 1715.swift */,
			);
			name = "1715_카드 정렬하기";
			path = "1715_카드 정렬하기";
			sourceTree = "<group>";
		};
		B462AB9927F8AE0C00665EDA /* DataStructure */ = {
			isa = PBXGroup;
			children = (
				B462AB9A27F8AE1500665EDA /* Heap.swift */,
				B462AB9C27F9615400665EDA /* PriorityQueue.swift */,
			);
			path = DataStructure;
			sourceTree = "<group>";
		};
		B467310827F758EF00686761 /* 13305_주유소 */ = {
			isa = PBXGroup;
			children = (
				B467310927F758F800686761 /* 13305.swift */,
			);
			name = "13305_주유소";
			path = "13305_주유소";
			sourceTree = "<group>";
		};
		B46F552627F4AEB800FF73C5 /* 1439_뒤집기 */ = {
			isa = PBXGroup;
			children = (
				B46F552727F4AEC800FF73C5 /* 1439.swift */,
			);
			name = "1439_뒤집기";
			path = "1439_뒤집기";
			sourceTree = "<group>";
		};
		B477F51027DF0C63005DE82B = {
			isa = PBXGroup;
			children = (
				B477F51B27DF0C63005DE82B /* BOJSolutions */,
				B477F51A27DF0C63005DE82B /* Products */,
			);
			sourceTree = "<group>";
		};
		B477F51A27DF0C63005DE82B /* Products */ = {
			isa = PBXGroup;
			children = (
				B477F51927DF0C63005DE82B /* BOJSolutions */,
			);
			name = Products;
			sourceTree = "<group>";
		};
		B477F51B27DF0C63005DE82B /* BOJSolutions */ = {
			isa = PBXGroup;
			children = (
				B490FCAA27FEA06F00294FC5 /* 1339_단어수학 */,
				B462AB9927F8AE0C00665EDA /* DataStructure */,
				B462AB9627F8827F00665EDA /* 1715_카드 정렬하기 */,
				B462AB9327F837F300665EDA /* 16953_A->B */,
				B467310827F758EF00686761 /* 13305_주유소 */,
				B46F552627F4AEB800FF73C5 /* 1439_뒤집기 */,
				B43B7E4027E8CFCC00263F1E /* 2217_로프 */,
				B499F04A27E377C900D4D161 /* 1946_신입 사원 */,
				B499F04727E22EB300D4D161 /* 1991_트리 순회 */,
				B429197227E1B7CD00237664 /* 11729_하노이 탑 이동 순서 */,
				B44FE89127DF91D20052A57D /* 1541_잃어버린 괄호 */,
				B477F52627DF1244005DE82B /* 1931_회의실 배정 */,
				B477F52327DF0C66005DE82B /* 11047_동전0 */,
				B477F51C27DF0C63005DE82B /* main.swift */,
			);
			path = BOJSolutions;
			sourceTree = "<group>";
		};
		B477F52327DF0C66005DE82B /* 11047_동전0 */ = {
			isa = PBXGroup;
			children = (
				B477F52427DF0C71005DE82B /* 11047.swift */,
			);
			name = "11047_동전0";
			path = "11047_동전";
			sourceTree = "<group>";
		};
		B477F52627DF1244005DE82B /* 1931_회의실 배정 */ = {
			isa = PBXGroup;
			children = (
				B477F52727DF188F005DE82B /* 1931.swift */,
			);
			name = "1931_회의실 배정";
			path = "1931_회의실 배정";
			sourceTree = "<group>";
		};
		B490FCAA27FEA06F00294FC5 /* 1339_단어수학 */ = {
			isa = PBXGroup;
			children = (
				B490FCAB27FEA08C00294FC5 /* 1339.swift */,
			);
			name = "1339_단어수학";
			path = "1339_단어수학";
			sourceTree = "<group>";
		};
		B499F04727E22EB300D4D161 /* 1991_트리 순회 */ = {
			isa = PBXGroup;
			children = (
				B499F04827E22EBD00D4D161 /* 1991.swift */,
			);
			name = "1991_트리 순회";
			path = "1991_트리 순회";
			sourceTree = "<group>";
		};
		B499F04A27E377C900D4D161 /* 1946_신입 사원 */ = {
			isa = PBXGroup;
			children = (
				B499F04B27E377D500D4D161 /* 1946.swift */,
			);
			name = "1946_신입 사원";
			path = "1946_신입 사원";
			sourceTree = "<group>";
		};
/* End PBXGroup section */

/* Begin PBXNativeTarget section */
		B477F51827DF0C63005DE82B /* BOJSolutions */ = {
			isa = PBXNativeTarget;
			buildConfigurationList = B477F52027DF0C63005DE82B /* Build configuration list for PBXNativeTarget "BOJSolutions" */;
			buildPhases = (
				B477F51527DF0C63005DE82B /* Sources */,
				B477F51627DF0C63005DE82B /* Frameworks */,
				B477F51727DF0C63005DE82B /* CopyFiles */,
			);
			buildRules = (
			);
			dependencies = (
			);
			name = BOJSolutions;
			productName = BOJSolutions;
			productReference = B477F51927DF0C63005DE82B /* BOJSolutions */;
			productType = "com.apple.product-type.tool";
		};
/* End PBXNativeTarget section */

/* Begin PBXProject section */
		B477F51127DF0C63005DE82B /* Project object */ = {
			isa = PBXProject;
			attributes = {
				BuildIndependentTargetsInParallel = 1;
				LastSwiftUpdateCheck = 1320;
				LastUpgradeCheck = 1330;
				TargetAttributes = {
					B477F51827DF0C63005DE82B = {
						CreatedOnToolsVersion = 13.2.1;
					};
				};
			};
			buildConfigurationList = B477F51427DF0C63005DE82B /* Build configuration list for PBXProject "BOJSolutions" */;
			compatibilityVersion = "Xcode 13.0";
			developmentRegion = en;
			hasScannedForEncodings = 0;
			knownRegions = (
				en,
				Base,
			);
			mainGroup = B477F51027DF0C63005DE82B;
			productRefGroup = B477F51A27DF0C63005DE82B /* Products */;
			projectDirPath = "";
			projectRoot = "";
			targets = (
				B477F51827DF0C63005DE82B /* BOJSolutions */,
			);
		};
/* End PBXProject section */

/* Begin PBXSourcesBuildPhase section */
		B477F51527DF0C63005DE82B /* Sources */ = {
			isa = PBXSourcesBuildPhase;
			buildActionMask = 2147483647;
			files = (
				B44FE89327DF91E30052A57D /* 1541.swift in Sources */,
				B462AB9B27F8AE1500665EDA /* Heap.swift in Sources */,
				B43B7E4227E8CFD600263F1E /* 2217.swift in Sources */,
				B490FCAC27FEA08C00294FC5 /* 1339.swift in Sources */,
				B462AB9527F837FD00665EDA /* 16953.swift in Sources */,
				B499F04927E22EBD00D4D161 /* 1991.swift in Sources */,
				B462AB9D27F9615400665EDA /* PriorityQueue.swift in Sources */,
				B477F51D27DF0C63005DE82B /* main.swift in Sources */,
				B477F52827DF188F005DE82B /* 1931.swift in Sources */,
				B46F552827F4AEC800FF73C5 /* 1439.swift in Sources */,
				B462AB9827F8828900665EDA /* 1715.swift in Sources */,
				B477F52527DF0C71005DE82B /* 11047.swift in Sources */,
				B429197427E1B7D900237664 /* 11729.swift in Sources */,
				B467310A27F758F800686761 /* 13305.swift in Sources */,
				B499F04C27E377D500D4D161 /* 1946.swift in Sources */,
			);
			runOnlyForDeploymentPostprocessing = 0;
		};
/* End PBXSourcesBuildPhase section */

/* Begin XCBuildConfiguration section */
		B477F51E27DF0C63005DE82B /* Debug */ = {
			isa = XCBuildConfiguration;
			buildSettings = {
				ALWAYS_SEARCH_USER_PATHS = NO;
				CLANG_ANALYZER_NONNULL = YES;
				CLANG_ANALYZER_NUMBER_OBJECT_CONVERSION = YES_AGGRESSIVE;
				CLANG_CXX_LANGUAGE_STANDARD = "gnu++17";
				CLANG_CXX_LIBRARY = "libc++";
				CLANG_ENABLE_MODULES = YES;
				CLANG_ENABLE_OBJC_ARC = YES;
				CLANG_ENABLE_OBJC_WEAK = YES;
				CLANG_WARN_BLOCK_CAPTURE_AUTORELEASING = YES;
				CLANG_WARN_BOOL_CONVERSION = YES;
				CLANG_WARN_COMMA = YES;
				CLANG_WARN_CONSTANT_CONVERSION = YES;
				CLANG_WARN_DEPRECATED_OBJC_IMPLEMENTATIONS = YES;
				CLANG_WARN_DIRECT_OBJC_ISA_USAGE = YES_ERROR;
				CLANG_WARN_DOCUMENTATION_COMMENTS = YES;
				CLANG_WARN_EMPTY_BODY = YES;
				CLANG_WARN_ENUM_CONVERSION = YES;
				CLANG_WARN_INFINITE_RECURSION = YES;
				CLANG_WARN_INT_CONVERSION = YES;
				CLANG_WARN_NON_LITERAL_NULL_CONVERSION = YES;
				CLANG_WARN_OBJC_IMPLICIT_RETAIN_SELF = YES;
				CLANG_WARN_OBJC_LITERAL_CONVERSION = YES;
				CLANG_WARN_OBJC_ROOT_CLASS = YES_ERROR;
				CLANG_WARN_QUOTED_INCLUDE_IN_FRAMEWORK_HEADER = YES;
				CLANG_WARN_RANGE_LOOP_ANALYSIS = YES;
				CLANG_WARN_STRICT_PROTOTYPES = YES;
				CLANG_WARN_SUSPICIOUS_MOVE = YES;
				CLANG_WARN_UNGUARDED_AVAILABILITY = YES_AGGRESSIVE;
				CLANG_WARN_UNREACHABLE_CODE = YES;
				CLANG_WARN__DUPLICATE_METHOD_MATCH = YES;
				COPY_PHASE_STRIP = NO;
				DEBUG_INFORMATION_FORMAT = dwarf;
				ENABLE_STRICT_OBJC_MSGSEND = YES;
				ENABLE_TESTABILITY = YES;
				GCC_C_LANGUAGE_STANDARD = gnu11;
				GCC_DYNAMIC_NO_PIC = NO;
				GCC_NO_COMMON_BLOCKS = YES;
				GCC_OPTIMIZATION_LEVEL = 0;
				GCC_PREPROCESSOR_DEFINITIONS = (
					"DEBUG=1",
					"$(inherited)",
				);
				GCC_WARN_64_TO_32_BIT_CONVERSION = YES;
				GCC_WARN_ABOUT_RETURN_TYPE = YES_ERROR;
				GCC_WARN_UNDECLARED_SELECTOR = YES;
				GCC_WARN_UNINITIALIZED_AUTOS = YES_AGGRESSIVE;
				GCC_WARN_UNUSED_FUNCTION = YES;
				GCC_WARN_UNUSED_VARIABLE = YES;
				MACOSX_DEPLOYMENT_TARGET = 12.1;
				MTL_ENABLE_DEBUG_INFO = INCLUDE_SOURCE;
				MTL_FAST_MATH = YES;
				ONLY_ACTIVE_ARCH = YES;
				SDKROOT = macosx;
				SWIFT_ACTIVE_COMPILATION_CONDITIONS = DEBUG;
				SWIFT_OPTIMIZATION_LEVEL = "-Onone";
			};
			name = Debug;
		};
		B477F51F27DF0C63005DE82B /* Release */ = {
			isa = XCBuildConfiguration;
			buildSettings = {
				ALWAYS_SEARCH_USER_PATHS = NO;
				CLANG_ANALYZER_NONNULL = YES;
				CLANG_ANALYZER_NUMBER_OBJECT_CONVERSION = YES_AGGRESSIVE;
				CLANG_CXX_LANGUAGE_STANDARD = "gnu++17";
				CLANG_CXX_LIBRARY = "libc++";
				CLANG_ENABLE_MODULES = YES;
				CLANG_ENABLE_OBJC_ARC = YES;
				CLANG_ENABLE_OBJC_WEAK = YES;
				CLANG_WARN_BLOCK_CAPTURE_AUTORELEASING = YES;
				CLANG_WARN_BOOL_CONVERSION = YES;
				CLANG_WARN_COMMA = YES;
				CLANG_WARN_CONSTANT_CONVERSION = YES;
				CLANG_WARN_DEPRECATED_OBJC_IMPLEMENTATIONS = YES;
				CLANG_WARN_DIRECT_OBJC_ISA_USAGE = YES_ERROR;
				CLANG_WARN_DOCUMENTATION_COMMENTS = YES;
				CLANG_WARN_EMPTY_BODY = YES;
				CLANG_WARN_ENUM_CONVERSION = YES;
				CLANG_WARN_INFINITE_RECURSION = YES;
				CLANG_WARN_INT_CONVERSION = YES;
				CLANG_WARN_NON_LITERAL_NULL_CONVERSION = YES;
				CLANG_WARN_OBJC_IMPLICIT_RETAIN_SELF = YES;
				CLANG_WARN_OBJC_LITERAL_CONVERSION = YES;
				CLANG_WARN_OBJC_ROOT_CLASS = YES_ERROR;
				CLANG_WARN_QUOTED_INCLUDE_IN_FRAMEWORK_HEADER = YES;
				CLANG_WARN_RANGE_LOOP_ANALYSIS = YES;
				CLANG_WARN_STRICT_PROTOTYPES = YES;
				CLANG_WARN_SUSPICIOUS_MOVE = YES;
				CLANG_WARN_UNGUARDED_AVAILABILITY = YES_AGGRESSIVE;
				CLANG_WARN_UNREACHABLE_CODE = YES;
				CLANG_WARN__DUPLICATE_METHOD_MATCH = YES;
				COPY_PHASE_STRIP = NO;
				DEBUG_INFORMATION_FORMAT = "dwarf-with-dsym";
				ENABLE_NS_ASSERTIONS = NO;
				ENABLE_STRICT_OBJC_MSGSEND = YES;
				GCC_C_LANGUAGE_STANDARD = gnu11;
				GCC_NO_COMMON_BLOCKS = YES;
				GCC_WARN_64_TO_32_BIT_CONVERSION = YES;
				GCC_WARN_ABOUT_RETURN_TYPE = YES_ERROR;
				GCC_WARN_UNDECLARED_SELECTOR = YES;
				GCC_WARN_UNINITIALIZED_AUTOS = YES_AGGRESSIVE;
				GCC_WARN_UNUSED_FUNCTION = YES;
				GCC_WARN_UNUSED_VARIABLE = YES;
				MACOSX_DEPLOYMENT_TARGET = 12.1;
				MTL_ENABLE_DEBUG_INFO = NO;
				MTL_FAST_MATH = YES;
				SDKROOT = macosx;
				SWIFT_COMPILATION_MODE = wholemodule;
				SWIFT_OPTIMIZATION_LEVEL = "-O";
			};
			name = Release;
		};
		B477F52127DF0C63005DE82B /* Debug */ = {
			isa = XCBuildConfiguration;
			buildSettings = {
				CODE_SIGN_IDENTITY = "-";
				CODE_SIGN_STYLE = Automatic;
				DEVELOPMENT_TEAM = SK9D9HK9A2;
				ENABLE_HARDENED_RUNTIME = YES;
				PRODUCT_NAME = "$(TARGET_NAME)";
				SWIFT_VERSION = 5.0;
			};
			name = Debug;
		};
		B477F52227DF0C63005DE82B /* Release */ = {
			isa = XCBuildConfiguration;
			buildSettings = {
				CODE_SIGN_IDENTITY = "-";
				CODE_SIGN_STYLE = Automatic;
				DEVELOPMENT_TEAM = SK9D9HK9A2;
				ENABLE_HARDENED_RUNTIME = YES;
				PRODUCT_NAME = "$(TARGET_NAME)";
				SWIFT_VERSION = 5.0;
			};
			name = Release;
		};
/* End XCBuildConfiguration section */

/* Begin XCConfigurationList section */
		B477F51427DF0C63005DE82B /* Build configuration list for PBXProject "BOJSolutions" */ = {
			isa = XCConfigurationList;
			buildConfigurations = (
				B477F51E27DF0C63005DE82B /* Debug */,
				B477F51F27DF0C63005DE82B /* Release */,
			);
			defaultConfigurationIsVisible = 0;
			defaultConfigurationName = Release;
		};
		B477F52027DF0C63005DE82B /* Build configuration list for PBXNativeTarget "BOJSolutions" */ = {
			isa = XCConfigurationList;
			buildConfigurations = (
				B477F52127DF0C63005DE82B /* Debug */,
				B477F52227DF0C63005DE82B /* Release */,
			);
			defaultConfigurationIsVisible = 0;
			defaultConfigurationName = Release;
		};
/* End XCConfigurationList section */
	};
	rootObject = B477F51127DF0C63005DE82B /* Project object */;
}
